// !$*UTF8*$!
{
	archiveVersion = 1;
	classes = {
	};
	objectVersion = 56;
	objects = {

/* Begin PBXBuildFile section */
		92FA7DF42BC94E8A0090A0CD /* Hungry2GrowApp.swift in Sources */ = {isa = PBXBuildFile; fileRef = 92FA7DF32BC94E8A0090A0CD /* Hungry2GrowApp.swift */; };
		92FA7DF62BC94E8A0090A0CD /* ContentView.swift in Sources */ = {isa = PBXBuildFile; fileRef = 92FA7DF52BC94E8A0090A0CD /* ContentView.swift */; };
		92FA7DF82BC94E8C0090A0CD /* Assets.xcassets in Resources */ = {isa = PBXBuildFile; fileRef = 92FA7DF72BC94E8C0090A0CD /* Assets.xcassets */; };
		92FA7DFB2BC94E8C0090A0CD /* Preview Assets.xcassets in Resources */ = {isa = PBXBuildFile; fileRef = 92FA7DFA2BC94E8C0090A0CD /* Preview Assets.xcassets */; };
		92FA7E032BC94F210090A0CD /* ItemModel.swift in Sources */ = {isa = PBXBuildFile; fileRef = 92FA7E022BC94F210090A0CD /* ItemModel.swift */; };
		92FA7E062BC94F990090A0CD /* ItemViewModel.swift in Sources */ = {isa = PBXBuildFile; fileRef = 92FA7E052BC94F990090A0CD /* ItemViewModel.swift */; };
		92FA7E0A2BC960080090A0CD /* ItemDetailView.swift in Sources */ = {isa = PBXBuildFile; fileRef = 92FA7E092BC960080090A0CD /* ItemDetailView.swift */; };
/* End PBXBuildFile section */

/* Begin PBXFileReference section */
		92E6B3DF2BCAB74E00DA8A25 /* Info.plist */ = {isa = PBXFileReference; lastKnownFileType = text.plist; path = Info.plist; sourceTree = "<group>"; };
		92FA7DF02BC94E8A0090A0CD /* Hungry2Grow.app */ = {isa = PBXFileReference; explicitFileType = wrapper.application; includeInIndex = 0; path = Hungry2Grow.app; sourceTree = BUILT_PRODUCTS_DIR; };
		92FA7DF32BC94E8A0090A0CD /* Hungry2GrowApp.swift */ = {isa = PBXFileReference; lastKnownFileType = sourcecode.swift; path = Hungry2GrowApp.swift; sourceTree = "<group>"; };
		92FA7DF52BC94E8A0090A0CD /* ContentView.swift */ = {isa = PBXFileReference; lastKnownFileType = sourcecode.swift; path = ContentView.swift; sourceTree = "<group>"; };
		92FA7DF72BC94E8C0090A0CD /* Assets.xcassets */ = {isa = PBXFileReference; lastKnownFileType = folder.assetcatalog; path = Assets.xcassets; sourceTree = "<group>"; };
		92FA7DFA2BC94E8C0090A0CD /* Preview Assets.xcassets */ = {isa = PBXFileReference; lastKnownFileType = folder.assetcatalog; path = "Preview Assets.xcassets"; sourceTree = "<group>"; };
		92FA7E022BC94F210090A0CD /* ItemModel.swift */ = {isa = PBXFileReference; lastKnownFileType = sourcecode.swift; path = ItemModel.swift; sourceTree = "<group>"; };
		92FA7E052BC94F990090A0CD /* ItemViewModel.swift */ = {isa = PBXFileReference; lastKnownFileType = sourcecode.swift; path = ItemViewModel.swift; sourceTree = "<group>"; };
		92FA7E092BC960080090A0CD /* ItemDetailView.swift */ = {isa = PBXFileReference; lastKnownFileType = sourcecode.swift; path = ItemDetailView.swift; sourceTree = "<group>"; };
/* End PBXFileReference section */

/* Begin PBXFrameworksBuildPhase section */
		92FA7DED2BC94E8A0090A0CD /* Frameworks */ = {
			isa = PBXFrameworksBuildPhase;
			buildActionMask = 2147483647;
			files = (
			);
			runOnlyForDeploymentPostprocessing = 0;
		};
/* End PBXFrameworksBuildPhase section */

/* Begin PBXGroup section */
		92FA7DE72BC94E8A0090A0CD = {
			isa = PBXGroup;
			children = (
				92FA7DF22BC94E8A0090A0CD /* Hungry2Grow */,
				92FA7DF12BC94E8A0090A0CD /* Products */,
			);
			sourceTree = "<group>";
		};
		92FA7DF12BC94E8A0090A0CD /* Products */ = {
			isa = PBXGroup;
			children = (
				92FA7DF02BC94E8A0090A0CD /* Hungry2Grow.app */,
			);
			name = Products;
			sourceTree = "<group>";
		};
		92FA7DF22BC94E8A0090A0CD /* Hungry2Grow */ = {
			isa = PBXGroup;
			children = (
				92E6B3DF2BCAB74E00DA8A25 /* Info.plist */,
				92FA7E072BC9500C0090A0CD /* View */,
				92FA7E042BC94F750090A0CD /* ViewModel */,
				92FA7E012BC94F070090A0CD /* Model */,
				92FA7E082BC950620090A0CD /* App */,
				92FA7DF72BC94E8C0090A0CD /* Assets.xcassets */,
				92FA7DF92BC94E8C0090A0CD /* Preview Content */,
			);
			path = Hungry2Grow;
			sourceTree = "<group>";
		};
		92FA7DF92BC94E8C0090A0CD /* Preview Content */ = {
			isa = PBXGroup;
			children = (
				92FA7DFA2BC94E8C0090A0CD /* Preview Assets.xcassets */,
			);
			path = "Preview Content";
			sourceTree = "<group>";
		};
		92FA7E012BC94F070090A0CD /* Model */ = {
			isa = PBXGroup;
			children = (
				92FA7E022BC94F210090A0CD /* ItemModel.swift */,
			);
			path = Model;
			sourceTree = "<group>";
		};
		92FA7E042BC94F750090A0CD /* ViewModel */ = {
			isa = PBXGroup;
			children = (
				92FA7E052BC94F990090A0CD /* ItemViewModel.swift */,
			);
			path = ViewModel;
			sourceTree = "<group>";
		};
		92FA7E072BC9500C0090A0CD /* View */ = {
			isa = PBXGroup;
			children = (
				92FA7DF52BC94E8A0090A0CD /* ContentView.swift */,
				92FA7E092BC960080090A0CD /* ItemDetailView.swift */,
			);
			path = View;
			sourceTree = "<group>";
		};
		92FA7E082BC950620090A0CD /* App */ = {
			isa = PBXGroup;
			children = (
				92FA7DF32BC94E8A0090A0CD /* Hungry2GrowApp.swift */,
			);
			path = App;
			sourceTree = "<group>";
		};
/* End PBXGroup section */

/* Begin PBXNativeTarget section */
		92FA7DEF2BC94E8A0090A0CD /* Hungry2Grow */ = {
			isa = PBXNativeTarget;
			buildConfigurationList = 92FA7DFE2BC94E8C0090A0CD /* Build configuration list for PBXNativeTarget "Hungry2Grow" */;
			buildPhases = (
				92FA7DEC2BC94E8A0090A0CD /* Sources */,
				92FA7DED2BC94E8A0090A0CD /* Frameworks */,
				92FA7DEE2BC94E8A0090A0CD /* Resources */,
			);
			buildRules = (
			);
			dependencies = (
			);
			name = Hungry2Grow;
			productName = Hungry2Grow;
			productReference = 92FA7DF02BC94E8A0090A0CD /* Hungry2Grow.app */;
			productType = "com.apple.product-type.application";
		};
/* End PBXNativeTarget section */

/* Begin PBXProject section */
		92FA7DE82BC94E8A0090A0CD /* Project object */ = {
			isa = PBXProject;
			attributes = {
				BuildIndependentTargetsInParallel = 1;
				LastSwiftUpdateCheck = 1510;
				LastUpgradeCheck = 1510;
				TargetAttributes = {
					92FA7DEF2BC94E8A0090A0CD = {
						CreatedOnToolsVersion = 15.1;
					};
				};
			};
			buildConfigurationList = 92FA7DEB2BC94E8A0090A0CD /* Build configuration list for PBXProject "Hungry2Grow" */;
			compatibilityVersion = "Xcode 14.0";
			developmentRegion = en;
			hasScannedForEncodings = 0;
			knownRegions = (
				en,
				Base,
			);
			mainGroup = 92FA7DE72BC94E8A0090A0CD;
			productRefGroup = 92FA7DF12BC94E8A0090A0CD /* Products */;
			projectDirPath = "";
			projectRoot = "";
			targets = (
				92FA7DEF2BC94E8A0090A0CD /* Hungry2Grow */,
			);
		};
/* End PBXProject section */

/* Begin PBXResourcesBuildPhase section */
		92FA7DEE2BC94E8A0090A0CD /* Resources */ = {
			isa = PBXResourcesBuildPhase;
			buildActionMask = 2147483647;
			files = (
				92FA7DFB2BC94E8C0090A0CD /* Preview Assets.xcassets in Resources */,
				92FA7DF82BC94E8C0090A0CD /* Assets.xcassets in Resources */,
			);
			runOnlyForDeploymentPostprocessing = 0;
		};
/* End PBXResourcesBuildPhase section */

/* Begin PBXSourcesBuildPhase section */
		92FA7DEC2BC94E8A0090A0CD /* Sources */ = {
			isa = PBXSourcesBuildPhase;
			buildActionMask = 2147483647;
			files = (
				92FA7E0A2BC960080090A0CD /* ItemDetailView.swift in Sources */,
				92FA7E032BC94F210090A0CD /* ItemModel.swift in Sources */,
				92FA7E062BC94F990090A0CD /* ItemViewModel.swift in Sources */,
				92FA7DF62BC94E8A0090A0CD /* ContentView.swift in Sources */,
				92FA7DF42BC94E8A0090A0CD /* Hungry2GrowApp.swift in Sources */,
			);
			runOnlyForDeploymentPostprocessing = 0;
		};
/* End PBXSourcesBuildPhase section */

/* Begin XCBuildConfiguration section */
		92FA7DFC2BC94E8C0090A0CD /* Debug */ = {
			isa = XCBuildConfiguration;
			buildSettings = {
				ALWAYS_SEARCH_USER_PATHS = NO;
				ASSETCATALOG_COMPILER_GENERATE_SWIFT_ASSET_SYMBOL_EXTENSIONS = YES;
				CLANG_ANALYZER_NONNULL = YES;
				CLANG_ANALYZER_NUMBER_OBJECT_CONVERSION = YES_AGGRESSIVE;
				CLANG_CXX_LANGUAGE_STANDARD = "gnu++20";
				CLANG_ENABLE_MODULES = YES;
				CLANG_ENABLE_OBJC_ARC = YES;
				CLANG_ENABLE_OBJC_WEAK = YES;
				CLANG_WARN_BLOCK_CAPTURE_AUTORELEASING = YES;
				CLANG_WARN_BOOL_CONVERSION = YES;
				CLANG_WARN_COMMA = YES;
				CLANG_WARN_CONSTANT_CONVERSION = YES;
				CLANG_WARN_DEPRECATED_OBJC_IMPLEMENTATIONS = YES;
				CLANG_WARN_DIRECT_OBJC_ISA_USAGE = YES_ERROR;
				CLANG_WARN_DOCUMENTATION_COMMENTS = YES;
				CLANG_WARN_EMPTY_BODY = YES;
				CLANG_WARN_ENUM_CONVERSION = YES;
				CLANG_WARN_INFINITE_RECURSION = YES;
				CLANG_WARN_INT_CONVERSION = YES;
				CLANG_WARN_NON_LITERAL_NULL_CONVERSION = YES;
				CLANG_WARN_OBJC_IMPLICIT_RETAIN_SELF = YES;
				CLANG_WARN_OBJC_LITERAL_CONVERSION = YES;
				CLANG_WARN_OBJC_ROOT_CLASS = YES_ERROR;
				CLANG_WARN_QUOTED_INCLUDE_IN_FRAMEWORK_HEADER = YES;
				CLANG_WARN_RANGE_LOOP_ANALYSIS = YES;
				CLANG_WARN_STRICT_PROTOTYPES = YES;
				CLANG_WARN_SUSPICIOUS_MOVE = YES;
				CLANG_WARN_UNGUARDED_AVAILABILITY = YES_AGGRESSIVE;
				CLANG_WARN_UNREACHABLE_CODE = YES;
				CLANG_WARN__DUPLICATE_METHOD_MATCH = YES;
				COPY_PHASE_STRIP = NO;
				DEBUG_INFORMATION_FORMAT = dwarf;
				ENABLE_STRICT_OBJC_MSGSEND = YES;
				ENABLE_TESTABILITY = YES;
				ENABLE_USER_SCRIPT_SANDBOXING = YES;
				GCC_C_LANGUAGE_STANDARD = gnu17;
				GCC_DYNAMIC_NO_PIC = NO;
				GCC_NO_COMMON_BLOCKS = YES;
				GCC_OPTIMIZATION_LEVEL = 0;
				GCC_PREPROCESSOR_DEFINITIONS = (
					"DEBUG=1",
					"$(inherited)",
				);
				GCC_WARN_64_TO_32_BIT_CONVERSION = YES;
				GCC_WARN_ABOUT_RETURN_TYPE = YES_ERROR;
				GCC_WARN_UNDECLARED_SELECTOR = YES;
				GCC_WARN_UNINITIALIZED_AUTOS = YES_AGGRESSIVE;
				GCC_WARN_UNUSED_FUNCTION = YES;
				GCC_WARN_UNUSED_VARIABLE = YES;
				IPHONEOS_DEPLOYMENT_TARGET = 17.2;
				LOCALIZATION_PREFERS_STRING_CATALOGS = YES;
				MTL_ENABLE_DEBUG_INFO = INCLUDE_SOURCE;
				MTL_FAST_MATH = YES;
				ONLY_ACTIVE_ARCH = YES;
				SDKROOT = iphoneos;
				SWIFT_ACTIVE_COMPILATION_CONDITIONS = "DEBUG $(inherited)";
				SWIFT_OPTIMIZATION_LEVEL = "-Onone";
			};
			name = Debug;
		};
		92FA7DFD2BC94E8C0090A0CD /* Release */ = {
			isa = XCBuildConfiguration;
			buildSettings = {
				ALWAYS_SEARCH_USER_PATHS = NO;
				ASSETCATALOG_COMPILER_GENERATE_SWIFT_ASSET_SYMBOL_EXTENSIONS = YES;
				CLANG_ANALYZER_NONNULL = YES;
				CLANG_ANALYZER_NUMBER_OBJECT_CONVERSION = YES_AGGRESSIVE;
				CLANG_CXX_LANGUAGE_STANDARD = "gnu++20";
				CLANG_ENABLE_MODULES = YES;
				CLANG_ENABLE_OBJC_ARC = YES;
				CLANG_ENABLE_OBJC_WEAK = YES;
				CLANG_WARN_BLOCK_CAPTURE_AUTORELEASING = YES;
				CLANG_WARN_BOOL_CONVERSION = YES;
				CLANG_WARN_COMMA = YES;
				CLANG_WARN_CONSTANT_CONVERSION = YES;
				CLANG_WARN_DEPRECATED_OBJC_IMPLEMENTATIONS = YES;
				CLANG_WARN_DIRECT_OBJC_ISA_USAGE = YES_ERROR;
				CLANG_WARN_DOCUMENTATION_COMMENTS = YES;
				CLANG_WARN_EMPTY_BODY = YES;
				CLANG_WARN_ENUM_CONVERSION = YES;
				CLANG_WARN_INFINITE_RECURSION = YES;
				CLANG_WARN_INT_CONVERSION = YES;
				CLANG_WARN_NON_LITERAL_NULL_CONVERSION = YES;
				CLANG_WARN_OBJC_IMPLICIT_RETAIN_SELF = YES;
				CLANG_WARN_OBJC_LITERAL_CONVERSION = YES;
				CLANG_WARN_OBJC_ROOT_CLASS = YES_ERROR;
				CLANG_WARN_QUOTED_INCLUDE_IN_FRAMEWORK_HEADER = YES;
				CLANG_WARN_RANGE_LOOP_ANALYSIS = YES;
				CLANG_WARN_STRICT_PROTOTYPES = YES;
				CLANG_WARN_SUSPICIOUS_MOVE = YES;
				CLANG_WARN_UNGUARDED_AVAILABILITY = YES_AGGRESSIVE;
				CLANG_WARN_UNREACHABLE_CODE = YES;
				CLANG_WARN__DUPLICATE_METHOD_MATCH = YES;
				COPY_PHASE_STRIP = NO;
				DEBUG_INFORMATION_FORMAT = "dwarf-with-dsym";
				ENABLE_NS_ASSERTIONS = NO;
				ENABLE_STRICT_OBJC_MSGSEND = YES;
				ENABLE_USER_SCRIPT_SANDBOXING = YES;
				GCC_C_LANGUAGE_STANDARD = gnu17;
				GCC_NO_COMMON_BLOCKS = YES;
				GCC_WARN_64_TO_32_BIT_CONVERSION = YES;
				GCC_WARN_ABOUT_RETURN_TYPE = YES_ERROR;
				GCC_WARN_UNDECLARED_SELECTOR = YES;
				GCC_WARN_UNINITIALIZED_AUTOS = YES_AGGRESSIVE;
				GCC_WARN_UNUSED_FUNCTION = YES;
				GCC_WARN_UNUSED_VARIABLE = YES;
				IPHONEOS_DEPLOYMENT_TARGET = 17.2;
				LOCALIZATION_PREFERS_STRING_CATALOGS = YES;
				MTL_ENABLE_DEBUG_INFO = NO;
				MTL_FAST_MATH = YES;
				SDKROOT = iphoneos;
				SWIFT_COMPILATION_MODE = wholemodule;
				VALIDATE_PRODUCT = YES;
			};
			name = Release;
		};
		92FA7DFF2BC94E8C0090A0CD /* Debug */ = {
			isa = XCBuildConfiguration;
			buildSettings = {
				ASSETCATALOG_COMPILER_APPICON_NAME = AppIcon;
				ASSETCATALOG_COMPILER_GLOBAL_ACCENT_COLOR_NAME = AccentColor;
				CODE_SIGN_STYLE = Automatic;
				CURRENT_PROJECT_VERSION = 1;
				DEVELOPMENT_ASSET_PATHS = "\"Hungry2Grow/Preview Content\"";
				ENABLE_PREVIEWS = YES;
				GENERATE_INFOPLIST_FILE = YES;
				INFOPLIST_FILE = Hungry2Grow/Info.plist;
				INFOPLIST_KEY_UIApplicationSceneManifest_Generation = YES;
				INFOPLIST_KEY_UIApplicationSupportsIndirectInputEvents = YES;
				INFOPLIST_KEY_UISupportedInterfaceOrientations_iPad = "UIInterfaceOrientationPortrait UIInterfaceOrientationPortraitUpsideDown UIInterfaceOrientationLandscapeLeft UIInterfaceOrientationLandscapeRight";
				INFOPLIST_KEY_UISupportedInterfaceOrientations_iPhone = "UIInterfaceOrientationPortrait UIInterfaceOrientationLandscapeLeft UIInterfaceOrientationLandscapeRight";
				LD_RUNPATH_SEARCH_PATHS = (
					"$(inherited)",
					"@executable_path/Frameworks",
				);
				MARKETING_VERSION = 1.0;
				PRODUCT_BUNDLE_IDENTIFIER = Vedant.Hungry2Grow;
				PRODUCT_NAME = "$(TARGET_NAME)";
				SWIFT_EMIT_LOC_STRINGS = YES;
				SWIFT_VERSION = 5.0;
				TARGETED_DEVICE_FAMILY = "1,2";
			};
			name = Debug;
		};
		92FA7E002BC94E8C0090A0CD /* Release */ = {
			isa = XCBuildConfiguration;
			buildSettings = {
				ASSETCATALOG_COMPILER_APPICON_NAME = AppIcon;
				ASSETCATALOG_COMPILER_GLOBAL_ACCENT_COLOR_NAME = AccentColor;
				CODE_SIGN_STYLE = Automatic;
				CURRENT_PROJECT_VERSION = 1;
				DEVELOPMENT_ASSET_PATHS = "\"Hungry2Grow/Preview Content\"";
				ENABLE_PREVIEWS = YES;
				GENERATE_INFOPLIST_FILE = YES;
				INFOPLIST_FILE = Hungry2Grow/Info.plist;
				INFOPLIST_KEY_UIApplicationSceneManifest_Generation = YES;
				INFOPLIST_KEY_UIApplicationSupportsIndirectInputEvents = YES;
				INFOPLIST_KEY_UISupportedInterfaceOrientations_iPad = "UIInterfaceOrientationPortrait UIInterfaceOrientationPortraitUpsideDown UIInterfaceOrientationLandscapeLeft UIInterfaceOrientationLandscapeRight";
				INFOPLIST_KEY_UISupportedInterfaceOrientations_iPhone = "UIInterfaceOrientationPortrait UIInterfaceOrientationLandscapeLeft UIInterfaceOrientationLandscapeRight";
				LD_RUNPATH_SEARCH_PATHS = (
					"$(inherited)",
					"@executable_path/Frameworks",
				);
				MARKETING_VERSION = 1.0;
				PRODUCT_BUNDLE_IDENTIFIER = Vedant.Hungry2Grow;
				PRODUCT_NAME = "$(TARGET_NAME)";
				SWIFT_EMIT_LOC_STRINGS = YES;
				SWIFT_VERSION = 5.0;
				TARGETED_DEVICE_FAMILY = "1,2";
			};
			name = Release;
		};
/* End XCBuildConfiguration section */

/* Begin XCConfigurationList section */
		92FA7DEB2BC94E8A0090A0CD /* Build configuration list for PBXProject "Hungry2Grow" */ = {
			isa = XCConfigurationList;
			buildConfigurations = (
				92FA7DFC2BC94E8C0090A0CD /* Debug */,
				92FA7DFD2BC94E8C0090A0CD /* Release */,
			);
			defaultConfigurationIsVisible = 0;
			defaultConfigurationName = Release;
		};
		92FA7DFE2BC94E8C0090A0CD /* Build configuration list for PBXNativeTarget "Hungry2Grow" */ = {
			isa = XCConfigurationList;
			buildConfigurations = (
				92FA7DFF2BC94E8C0090A0CD /* Debug */,
				92FA7E002BC94E8C0090A0CD /* Release */,
			);
			defaultConfigurationIsVisible = 0;
			defaultConfigurationName = Release;
		};
/* End XCConfigurationList section */
	};
	rootObject = 92FA7DE82BC94E8A0090A0CD /* Project object */;
}
